// !$*UTF8*$!
{
	archiveVersion = 1;
	classes = {
	};
	objectVersion = 50;
	objects = {

/* Begin PBXBuildFile section */
		B39CAADF23CE2DFD00176763 /* AppDelegate.swift in Sources */ = {isa = PBXBuildFile; fileRef = B39CAADE23CE2DFD00176763 /* AppDelegate.swift */; };
		B39CAAE123CE2DFD00176763 /* SceneDelegate.swift in Sources */ = {isa = PBXBuildFile; fileRef = B39CAAE023CE2DFD00176763 /* SceneDelegate.swift */; };
		B39CAAE323CE2DFD00176763 /* ContentView.swift in Sources */ = {isa = PBXBuildFile; fileRef = B39CAAE223CE2DFD00176763 /* ContentView.swift */; };
		B39CAAE523CE2E0000176763 /* Assets.xcassets in Resources */ = {isa = PBXBuildFile; fileRef = B39CAAE423CE2E0000176763 /* Assets.xcassets */; };
		B39CAAE823CE2E0000176763 /* Preview Assets.xcassets in Resources */ = {isa = PBXBuildFile; fileRef = B39CAAE723CE2E0000176763 /* Preview Assets.xcassets */; };
		B39CAAEB23CE2E0000176763 /* LaunchScreen.storyboard in Resources */ = {isa = PBXBuildFile; fileRef = B39CAAE923CE2E0000176763 /* LaunchScreen.storyboard */; };
/* End PBXBuildFile section */

/* Begin PBXFileReference section */
		B39CAADB23CE2DFD00176763 /* FitSpace.app */ = {isa = PBXFileReference; explicitFileType = wrapper.application; includeInIndex = 0; path = FitSpace.app; sourceTree = BUILT_PRODUCTS_DIR; };
		B39CAADE23CE2DFD00176763 /* AppDelegate.swift */ = {isa = PBXFileReference; lastKnownFileType = sourcecode.swift; path = AppDelegate.swift; sourceTree = "<group>"; };
		B39CAAE023CE2DFD00176763 /* SceneDelegate.swift */ = {isa = PBXFileReference; lastKnownFileType = sourcecode.swift; path = SceneDelegate.swift; sourceTree = "<group>"; };
		B39CAAE223CE2DFD00176763 /* ContentView.swift */ = {isa = PBXFileReference; lastKnownFileType = sourcecode.swift; path = ContentView.swift; sourceTree = "<group>"; };
		B39CAAE423CE2E0000176763 /* Assets.xcassets */ = {isa = PBXFileReference; lastKnownFileType = folder.assetcatalog; path = Assets.xcassets; sourceTree = "<group>"; };
		B39CAAE723CE2E0000176763 /* Preview Assets.xcassets */ = {isa = PBXFileReference; lastKnownFileType = folder.assetcatalog; path = "Preview Assets.xcassets"; sourceTree = "<group>"; };
		B39CAAEA23CE2E0000176763 /* Base */ = {isa = PBXFileReference; lastKnownFileType = file.storyboard; name = Base; path = Base.lproj/LaunchScreen.storyboard; sourceTree = "<group>"; };
		B39CAAEC23CE2E0000176763 /* Info.plist */ = {isa = PBXFileReference; lastKnownFileType = text.plist.xml; path = Info.plist; sourceTree = "<group>"; };
/* End PBXFileReference section */

/* Begin PBXFrameworksBuildPhase section */
		B39CAAD823CE2DFD00176763 /* Frameworks */ = {
			isa = PBXFrameworksBuildPhase;
			buildActionMask = 2147483647;
			files = (
			);
			runOnlyForDeploymentPostprocessing = 0;
		};
/* End PBXFrameworksBuildPhase section */

/* Begin PBXGroup section */
		B39CAAD223CE2DFC00176763 = {
			isa = PBXGroup;
			children = (
				B39CAADD23CE2DFD00176763 /* FitSpace */,
				B39CAADC23CE2DFD00176763 /* Products */,
			);
			sourceTree = "<group>";
		};
		B39CAADC23CE2DFD00176763 /* Products */ = {
			isa = PBXGroup;
			children = (
				B39CAADB23CE2DFD00176763 /* FitSpace.app */,
			);
			name = Products;
			sourceTree = "<group>";
		};
		B39CAADD23CE2DFD00176763 /* FitSpace */ = {
			isa = PBXGroup;
			children = (
				B39CAADE23CE2DFD00176763 /* AppDelegate.swift */,
				B39CAAE023CE2DFD00176763 /* SceneDelegate.swift */,
				B39CAAE223CE2DFD00176763 /* ContentView.swift */,
				B39CAAE423CE2E0000176763 /* Assets.xcassets */,
				B39CAAE923CE2E0000176763 /* LaunchScreen.storyboard */,
				B39CAAEC23CE2E0000176763 /* Info.plist */,
				B39CAAE623CE2E0000176763 /* Preview Content */,
			);
			path = FitSpace;
			sourceTree = "<group>";
		};
		B39CAAE623CE2E0000176763 /* Preview Content */ = {
			isa = PBXGroup;
			children = (
				B39CAAE723CE2E0000176763 /* Preview Assets.xcassets */,
			);
			path = "Preview Content";
			sourceTree = "<group>";
		};
/* End PBXGroup section */

/* Begin PBXNativeTarget section */
		B39CAADA23CE2DFD00176763 /* FitSpace */ = {
			isa = PBXNativeTarget;
			buildConfigurationList = B39CAAEF23CE2E0000176763 /* Build configuration list for PBXNativeTarget "FitSpace" */;
			buildPhases = (
				B39CAAD723CE2DFD00176763 /* Sources */,
				B39CAAD823CE2DFD00176763 /* Frameworks */,
				B39CAAD923CE2DFD00176763 /* Resources */,
			);
			buildRules = (
			);
			dependencies = (
			);
			name = FitSpace;
			productName = FitSpace;
			productReference = B39CAADB23CE2DFD00176763 /* FitSpace.app */;
			productType = "com.apple.product-type.application";
		};
/* End PBXNativeTarget section */

/* Begin PBXProject section */
		B39CAAD323CE2DFD00176763 /* Project object */ = {
			isa = PBXProject;
			attributes = {
				LastSwiftUpdateCheck = 1130;
				LastUpgradeCheck = 1130;
				ORGANIZATIONNAME = "Ibrahim Hussain";
				TargetAttributes = {
					B39CAADA23CE2DFD00176763 = {
						CreatedOnToolsVersion = 11.3.1;
					};
				};
			};
			buildConfigurationList = B39CAAD623CE2DFD00176763 /* Build configuration list for PBXProject "FitSpace" */;
			compatibilityVersion = "Xcode 9.3";
			developmentRegion = en;
			hasScannedForEncodings = 0;
			knownRegions = (
				en,
				Base,
			);
			mainGroup = B39CAAD223CE2DFC00176763;
			productRefGroup = B39CAADC23CE2DFD00176763 /* Products */;
			projectDirPath = "";
			projectRoot = "";
			targets = (
				B39CAADA23CE2DFD00176763 /* FitSpace */,
			);
		};
/* End PBXProject section */

/* Begin PBXResourcesBuildPhase section */
		B39CAAD923CE2DFD00176763 /* Resources */ = {
			isa = PBXResourcesBuildPhase;
			buildActionMask = 2147483647;
			files = (
				B39CAAEB23CE2E0000176763 /* LaunchScreen.storyboard in Resources */,
				B39CAAE823CE2E0000176763 /* Preview Assets.xcassets in Resources */,
				B39CAAE523CE2E0000176763 /* Assets.xcassets in Resources */,
			);
			runOnlyForDeploymentPostprocessing = 0;
		};
/* End PBXResourcesBuildPhase section */

/* Begin PBXSourcesBuildPhase section */
		B39CAAD723CE2DFD00176763 /* Sources */ = {
			isa = PBXSourcesBuildPhase;
			buildActionMask = 2147483647;
			files = (
				B39CAADF23CE2DFD00176763 /* AppDelegate.swift in Sources */,
				B39CAAE123CE2DFD00176763 /* SceneDelegate.swift in Sources */,
				B39CAAE323CE2DFD00176763 /* ContentView.swift in Sources */,
			);
			runOnlyForDeploymentPostprocessing = 0;
		};
/* End PBXSourcesBuildPhase section */

/* Begin PBXVariantGroup section */
		B39CAAE923CE2E0000176763 /* LaunchScreen.storyboard */ = {
			isa = PBXVariantGroup;
			children = (
				B39CAAEA23CE2E0000176763 /* Base */,
			);
			name = LaunchScreen.storyboard;
			sourceTree = "<group>";
		};
/* End PBXVariantGroup section */

/* Begin XCBuildConfiguration section */
		B39CAAED23CE2E0000176763 /* Debug */ = {
			isa = XCBuildConfiguration;
			buildSettings = {
				ALWAYS_SEARCH_USER_PATHS = NO;
				CLANG_ANALYZER_NONNULL = YES;
				CLANG_ANALYZER_NUMBER_OBJECT_CONVERSION = YES_AGGRESSIVE;
				CLANG_CXX_LANGUAGE_STANDARD = "gnu++14";
				CLANG_CXX_LIBRARY = "libc++";
				CLANG_ENABLE_MODULES = YES;
				CLANG_ENABLE_OBJC_ARC = YES;
				CLANG_ENABLE_OBJC_WEAK = YES;
				CLANG_WARN_BLOCK_CAPTURE_AUTORELEASING = YES;
				CLANG_WARN_BOOL_CONVERSION = YES;
				CLANG_WARN_COMMA = YES;
				CLANG_WARN_CONSTANT_CONVERSION = YES;
				CLANG_WARN_DEPRECATED_OBJC_IMPLEMENTATIONS = YES;
				CLANG_WARN_DIRECT_OBJC_ISA_USAGE = YES_ERROR;
				CLANG_WARN_DOCUMENTATION_COMMENTS = YES;
				CLANG_WARN_EMPTY_BODY = YES;
				CLANG_WARN_ENUM_CONVERSION = YES;
				CLANG_WARN_INFINITE_RECURSION = YES;
				CLANG_WARN_INT_CONVERSION = YES;
				CLANG_WARN_NON_LITERAL_NULL_CONVERSION = YES;
				CLANG_WARN_OBJC_IMPLICIT_RETAIN_SELF = YES;
				CLANG_WARN_OBJC_LITERAL_CONVERSION = YES;
				CLANG_WARN_OBJC_ROOT_CLASS = YES_ERROR;
				CLANG_WARN_RANGE_LOOP_ANALYSIS = YES;
				CLANG_WARN_STRICT_PROTOTYPES = YES;
				CLANG_WARN_SUSPICIOUS_MOVE = YES;
				CLANG_WARN_UNGUARDED_AVAILABILITY = YES_AGGRESSIVE;
				CLANG_WARN_UNREACHABLE_CODE = YES;
				CLANG_WARN__DUPLICATE_METHOD_MATCH = YES;
				COPY_PHASE_STRIP = NO;
				DEBUG_INFORMATION_FORMAT = dwarf;
				ENABLE_STRICT_OBJC_MSGSEND = YES;
				ENABLE_TESTABILITY = YES;
				GCC_C_LANGUAGE_STANDARD = gnu11;
				GCC_DYNAMIC_NO_PIC = NO;
				GCC_NO_COMMON_BLOCKS = YES;
				GCC_OPTIMIZATION_LEVEL = 0;
				GCC_PREPROCESSOR_DEFINITIONS = (
					"DEBUG=1",
					"$(inherited)",
				);
				GCC_WARN_64_TO_32_BIT_CONVERSION = YES;
				GCC_WARN_ABOUT_RETURN_TYPE = YES_ERROR;
				GCC_WARN_UNDECLARED_SELECTOR = YES;
				GCC_WARN_UNINITIALIZED_AUTOS = YES_AGGRESSIVE;
				GCC_WARN_UNUSED_FUNCTION = YES;
				GCC_WARN_UNUSED_VARIABLE = YES;
				IPHONEOS_DEPLOYMENT_TARGET = 13.2;
				MTL_ENABLE_DEBUG_INFO = INCLUDE_SOURCE;
				MTL_FAST_MATH = YES;
				ONLY_ACTIVE_ARCH = YES;
				SDKROOT = iphoneos;
				SWIFT_ACTIVE_COMPILATION_CONDITIONS = DEBUG;
				SWIFT_OPTIMIZATION_LEVEL = "-Onone";
			};
			name = Debug;
		};
		B39CAAEE23CE2E0000176763 /* Release */ = {
			isa = XCBuildConfiguration;
			buildSettings = {
				ALWAYS_SEARCH_USER_PATHS = NO;
				CLANG_ANALYZER_NONNULL = YES;
				CLANG_ANALYZER_NUMBER_OBJECT_CONVERSION = YES_AGGRESSIVE;
				CLANG_CXX_LANGUAGE_STANDARD = "gnu++14";
				CLANG_CXX_LIBRARY = "libc++";
				CLANG_ENABLE_MODULES = YES;
				CLANG_ENABLE_OBJC_ARC = YES;
				CLANG_ENABLE_OBJC_WEAK = YES;
				CLANG_WARN_BLOCK_CAPTURE_AUTORELEASING = YES;
				CLANG_WARN_BOOL_CONVERSION = YES;
				CLANG_WARN_COMMA = YES;
				CLANG_WARN_CONSTANT_CONVERSION = YES;
				CLANG_WARN_DEPRECATED_OBJC_IMPLEMENTATIONS = YES;
				CLANG_WARN_DIRECT_OBJC_ISA_USAGE = YES_ERROR;
				CLANG_WARN_DOCUMENTATION_COMMENTS = YES;
				CLANG_WARN_EMPTY_BODY = YES;
				CLANG_WARN_ENUM_CONVERSION = YES;
				CLANG_WARN_INFINITE_RECURSION = YES;
				CLANG_WARN_INT_CONVERSION = YES;
				CLANG_WARN_NON_LITERAL_NULL_CONVERSION = YES;
				CLANG_WARN_OBJC_IMPLICIT_RETAIN_SELF = YES;
				CLANG_WARN_OBJC_LITERAL_CONVERSION = YES;
				CLANG_WARN_OBJC_ROOT_CLASS = YES_ERROR;
				CLANG_WARN_RANGE_LOOP_ANALYSIS = YES;
				CLANG_WARN_STRICT_PROTOTYPES = YES;
				CLANG_WARN_SUSPICIOUS_MOVE = YES;
				CLANG_WARN_UNGUARDED_AVAILABILITY = YES_AGGRESSIVE;
				CLANG_WARN_UNREACHABLE_CODE = YES;
				CLANG_WARN__DUPLICATE_METHOD_MATCH = YES;
				COPY_PHASE_STRIP = NO;
				DEBUG_INFORMATION_FORMAT = "dwarf-with-dsym";
				ENABLE_NS_ASSERTIONS = NO;
				ENABLE_STRICT_OBJC_MSGSEND = YES;
				GCC_C_LANGUAGE_STANDARD = gnu11;
				GCC_NO_COMMON_BLOCKS = YES;
				GCC_WARN_64_TO_32_BIT_CONVERSION = YES;
				GCC_WARN_ABOUT_RETURN_TYPE = YES_ERROR;
				GCC_WARN_UNDECLARED_SELECTOR = YES;
				GCC_WARN_UNINITIALIZED_AUTOS = YES_AGGRESSIVE;
				GCC_WARN_UNUSED_FUNCTION = YES;
				GCC_WARN_UNUSED_VARIABLE = YES;
				IPHONEOS_DEPLOYMENT_TARGET = 13.2;
				MTL_ENABLE_DEBUG_INFO = NO;
				MTL_FAST_MATH = YES;
				SDKROOT = iphoneos;
				SWIFT_COMPILATION_MODE = wholemodule;
				SWIFT_OPTIMIZATION_LEVEL = "-O";
				VALIDATE_PRODUCT = YES;
			};
			name = Release;
		};
		B39CAAF023CE2E0000176763 /* Debug */ = {
			isa = XCBuildConfiguration;
			buildSettings = {
				ASSETCATALOG_COMPILER_APPICON_NAME = AppIcon;
				CODE_SIGN_STYLE = Automatic;
				DEVELOPMENT_ASSET_PATHS = "\"FitSpace/Preview Content\"";
				DEVELOPMENT_TEAM = 7D8MBQXJ58;
				ENABLE_PREVIEWS = YES;
				INFOPLIST_FILE = FitSpace/Info.plist;
				LD_RUNPATH_SEARCH_PATHS = (
					"$(inherited)",
					"@executable_path/Frameworks",
				);
				PRODUCT_BUNDLE_IDENTIFIER = com.example.FitSpace;
				PRODUCT_NAME = "$(TARGET_NAME)";
				SWIFT_VERSION = 5.0;
				TARGETED_DEVICE_FAMILY = "1,2";
			};
			name = Debug;
		};
		B39CAAF123CE2E0000176763 /* Release */ = {
			isa = XCBuildConfiguration;
			buildSettings = {
				ASSETCATALOG_COMPILER_APPICON_NAME = AppIcon;
				CODE_SIGN_STYLE = Automatic;
				DEVELOPMENT_ASSET_PATHS = "\"FitSpace/Preview Content\"";
				DEVELOPMENT_TEAM = 7D8MBQXJ58;
				ENABLE_PREVIEWS = YES;
				INFOPLIST_FILE = FitSpace/Info.plist;
				LD_RUNPATH_SEARCH_PATHS = (
					"$(inherited)",
					"@executable_path/Frameworks",
				);
				PRODUCT_BUNDLE_IDENTIFIER = com.example.FitSpace;
				PRODUCT_NAME = "$(TARGET_NAME)";
				SWIFT_VERSION = 5.0;
				TARGETED_DEVICE_FAMILY = "1,2";
			};
			name = Release;
		};
/* End XCBuildConfiguration section */

/* Begin XCConfigurationList section */
		B39CAAD623CE2DFD00176763 /* Build configuration list for PBXProject "FitSpace" */ = {
			isa = XCConfigurationList;
			buildConfigurations = (
				B39CAAED23CE2E0000176763 /* Debug */,
				B39CAAEE23CE2E0000176763 /* Release */,
			);
			defaultConfigurationIsVisible = 0;
			defaultConfigurationName = Release;
		};
		B39CAAEF23CE2E0000176763 /* Build configuration list for PBXNativeTarget "FitSpace" */ = {
			isa = XCConfigurationList;
			buildConfigurations = (
				B39CAAF023CE2E0000176763 /* Debug */,
				B39CAAF123CE2E0000176763 /* Release */,
			);
			defaultConfigurationIsVisible = 0;
			defaultConfigurationName = Release;
		};
/* End XCConfigurationList section */
	};
	rootObject = B39CAAD323CE2DFD00176763 /* Project object */;
}
